
Microsoft Visual Studio Solution File, Format Version 12.00
# Visual Studio 2012
Project("{FAE04EC0-301F-11D3-BF4B-00C04F79EFBC}") = "GTW", "GTW\GTW.csproj", "{AFD3B5D0-EBAD-4E21-93E6-6F73FB4563BF}"
EndProject
Global
	GlobalSection(SolutionConfigurationPlatforms) = preSolution
		Debug|Any CPU = Debug|Any CPU
		Release|Any CPU = Release|Any CPU
	EndGlobalSection
	GlobalSection(ProjectConfigurationPlatforms) = postSolution
		{AFD3B5D0-EBAD-4E21-93E6-6F73FB4563BF}.Debug|Any CPU.ActiveCfg = Debug|Any CPU
		{AFD3B5D0-EBAD-4E21-93E6-6F73FB4563BF}.Debug|Any CPU.Build.0 = Debug|Any CPU
		{AFD3B5D0-EBAD-4E21-93E6-6F73FB4563BF}.Release|Any CPU.ActiveCfg = Release|Any CPU
		{AFD3B5D0-EBAD-4E21-93E6-6F73FB4563BF}.Release|Any CPU.Build.0 = Release|Any CPU
	EndGlobalSection
	GlobalSection(SolutionProperties) = preSolution
		HideSolutionNode = FALSE
	EndGlobalSection
EndGlobal
